version = 1
revision = 2
requires-python = ">=3.9"

[[package]]
name = "apollo-client-python"
version = "0.2.3"
source = { editable = "." }
dependencies = [
    { name = "python-dotenv" },
]

[package.metadata]
requires-dist = [{ name = "python-dotenv", specifier = ">=1.1.1" }]

[package.metadata.requires-dev]
dev = []

[[package]]
name = "python-dotenv"
version = "1.1.1"
source = { registry = "https://nexus.leabyte.com/repository/pypi-group/simple" }
sdist = { url = "https://nexus.leabyte.com/repository/pypi-group/packages/python-dotenv/1.1.1/python_dotenv-1.1.1.tar.gz", hash = "sha256:a8a6399716257f45be6a007360200409fce5cda2661e3dec71d23dc15f6189ab" }
wheels = [
    { url = "https://nexus.leabyte.com/repository/pypi-group/packages/python-dotenv/1.1.1/python_dotenv-1.1.1-py3-none-any.whl", hash = "sha256:31f23644fe2602f88ff55e1f5c79ba497e01224ee7737937930c448e4d0e24dc" },
]
